
Microsoft Visual Studio Solution File, Format Version 12.00
# Visual Studio Version 16
VisualStudioVersion = 25.0.1700.1
MinimumVisualStudioVersion = 10.0.40219.1
Project("{FAE04EC0-301F-11D3-BF4B-00C04F79EFBC}") = "PustokProject", "PustokProject\PustokProject.csproj", "{AC4A61E4-82AC-4ECA-8FE9-E08763254F56}"
EndProject
Global
	GlobalSection(SolutionConfigurationPlatforms) = preSolution
		Debug|Any CPU = Debug|Any CPU
		Release|Any CPU = Release|Any CPU
	EndGlobalSection
	GlobalSection(ProjectConfigurationPlatforms) = postSolution
		{AC4A61E4-82AC-4ECA-8FE9-E08763254F56}.Debug|Any CPU.ActiveCfg = Debug|Any CPU
		{AC4A61E4-82AC-4ECA-8FE9-E08763254F56}.Debug|Any CPU.Build.0 = Debug|Any CPU
		{AC4A61E4-82AC-4ECA-8FE9-E08763254F56}.Release|Any CPU.ActiveCfg = Release|Any CPU
		{AC4A61E4-82AC-4ECA-8FE9-E08763254F56}.Release|Any CPU.Build.0 = Release|Any CPU
	EndGlobalSection
	GlobalSection(SolutionProperties) = preSolution
		HideSolutionNode = FALSE
	EndGlobalSection
	GlobalSection(ExtensibilityGlobals) = postSolution
		SolutionGuid = {FFEE6235-C4F8-422D-8F70-5D78918627F4}
	EndGlobalSection
EndGlobal
